<?xml version="1.0" encoding="utf-8"?>
<Project ToolsVersion="4.0" xmlns="http://schemas.microsoft.com/developer/msbuild/2003">
  <ItemGroup>
    <Filter Include="Source Files">
      <UniqueIdentifier>{4FC737F1-C7A5-4376-A066-2A32D752A2FF}</UniqueIdentifier>
      <Extensions>cpp;c;cc;cxx;def;odl;idl;hpj;bat;asm;asmx</Extensions>
    </Filter>
    <Filter Include="Header Files">
      <UniqueIdentifier>{93995380-89BD-4b04-88EB-625FBE52EBFB}</UniqueIdentifier>
      <Extensions>h;hh;hpp;hxx;hm;inl;inc;xsd</Extensions>
    </Filter>
    <Filter Include="Resource Files">
      <UniqueIdentifier>{67DA6AB6-F800-4c08-8B7A-83BB121AAD01}</UniqueIdentifier>
      <Extensions>rc;ico;cur;bmp;dlg;rc2;rct;bin;rgs;gif;jpg;jpeg;jpe;resx;tiff;tif;png;wav;mfcribbon-ms</Extensions>
    </Filter>
    <Filter Include="Header Files\msvc">
      <UniqueIdentifier>{d8905722-c245-4995-9565-1254df225adf}</UniqueIdentifier>
    </Filter>
    <Filter Include="Source Files\msvc">
      <UniqueIdentifier>{2a1ecf99-deac-4e93-8be8-b458195be3e6}</UniqueIdentifier>
    </Filter>
    <Filter Include="Source Files\renderer">
      <UniqueIdentifier>{da16e29b-077d-4e5d-a0f0-a28dcb6a6f8e}</UniqueIdentifier>
    </Filter>
    <Filter Include="Header Files\renderer">
      <UniqueIdentifier>{4e5b9fcf-0045-4de6-b89b-1068fb7c09f8}</UniqueIdentifier>
    </Filter>
    <Filter Include="Source Files\gui">
      <UniqueIdentifier>{cc64b1f4-268f-4438-977a-7a111a46d23c}</UniqueIdentifier>
    </Filter>
    <Filter Include="Source Files\filereq">
      <UniqueIdentifier>{cb7fe694-3d2f-454a-ad9d-00a823d54e1b}</UniqueIdentifier>
    </Filter>
    <Filter Include="Header Files\gui">
      <UniqueIdentifier>{4396d62b-8f06-42de-a6cb-f18ad3efec67}</UniqueIdentifier>
    </Filter>
    <Filter Include="Header Files\filereq">
      <UniqueIdentifier>{7e934c0d-8e01-4561-8fb2-046726f16eab}</UniqueIdentifier>
    </Filter>
    <Filter Include="Header Files\msgbox">
      <UniqueIdentifier>{277732bb-2f68-45d9-8df8-f5445a281fd4}</UniqueIdentifier>
    </Filter>
    <Filter Include="Source Files\msgbox">
      <UniqueIdentifier>{e7b0354f-0047-49e9-b26e-148f1be37f38}</UniqueIdentifier>
    </Filter>
    <Filter Include="Source Files\acia">
      <UniqueIdentifier>{e6e88892-b414-4cf9-9cef-c2f287ab8305}</UniqueIdentifier>
    </Filter>
    <Filter Include="Header Files\acia">
      <UniqueIdentifier>{8438c688-6a7e-49a1-bd13-fa16128c58ec}</UniqueIdentifier>
    </Filter>
  </ItemGroup>
  <ItemGroup>
    <ClCompile Include="..\..\6502.c">
      <Filter>Source Files</Filter>
    </ClCompile>
    <ClCompile Include="..\..\8912.c">
      <Filter>Source Files</Filter>
    </ClCompile>
    <ClCompile Include="..\..\avi.c">
      <Filter>Source Files</Filter>
    </ClCompile>
    <ClCompile Include="..\..\disk.c">
      <Filter>Source Files</Filter>
    </ClCompile>
    <ClCompile Include="..\..\disk_pravetz.c">
      <Filter>Source Files</Filter>
    </ClCompile>
    <ClCompile Include="..\..\font.c">
      <Filter>Source Files</Filter>
    </ClCompile>
    <ClCompile Include="..\..\joystick.c">
      <Filter>Source Files</Filter>
    </ClCompile>
    <ClCompile Include="..\..\keyboard.c">
      <Filter>Source Files</Filter>
    </ClCompile>
    <ClCompile Include="..\..\machine.c">
      <Filter>Source Files</Filter>
    </ClCompile>
    <ClCompile Include="..\..\main.c">
      <Filter>Source Files</Filter>
    </ClCompile>
    <ClCompile Include="..\..\monitor.c">
      <Filter>Source Files</Filter>
    </ClCompile>
    <ClCompile Include="..\..\plugins\ch376\ch376.c">
      <Filter>Source Files</Filter>
    </ClCompile>
    <ClCompile Include="..\..\plugins\ch376\oric_ch376_plugin.c">
      <Filter>Source Files</Filter>
    </ClCompile>
    <ClCompile Include="..\..\snapshot.c">
      <Filter>Source Files</Filter>
    </ClCompile>
    <ClCompile Include="..\..\system_sdl.c">
      <Filter>Source Files</Filter>
    </ClCompile>
    <ClCompile Include="..\..\tape.c">
      <Filter>Source Files</Filter>
    </ClCompile>
    <ClCompile Include="..\..\ula.c">
      <Filter>Source Files</Filter>
    </ClCompile>
    <ClCompile Include="..\..\via.c">
      <Filter>Source Files</Filter>
    </ClCompile>
    <ClCompile Include="..\..\filereq_amiga.c">
      <Filter>Source Files\filereq</Filter>
    </ClCompile>
    <ClCompile Include="..\..\filereq_beos.cpp">
      <Filter>Source Files\filereq</Filter>
    </ClCompile>
    <ClCompile Include="..\..\filereq_gtk.c">
      <Filter>Source Files\filereq</Filter>
    </ClCompile>
    <ClCompile Include="..\..\filereq_sdl.c">
      <Filter>Source Files\filereq</Filter>
    </ClCompile>
    <ClCompile Include="..\..\filereq_win32.c">
      <Filter>Source Files\filereq</Filter>
    </ClCompile>
    <ClCompile Include="..\..\msgbox_beos.cpp">
      <Filter>Source Files\msgbox</Filter>
    </ClCompile>
    <ClCompile Include="..\..\msgbox_gtk.c">
      <Filter>Source Files\msgbox</Filter>
    </ClCompile>
    <ClCompile Include="..\..\msgbox_os2.c">
      <Filter>Source Files\msgbox</Filter>
    </ClCompile>
    <ClCompile Include="..\..\msgbox_os4.c">
      <Filter>Source Files\msgbox</Filter>
    </ClCompile>
    <ClCompile Include="..\..\msgbox_sdl.c">
      <Filter>Source Files\msgbox</Filter>
    </ClCompile>
    <ClCompile Include="..\..\msgbox_win32.c">
      <Filter>Source Files\msgbox</Filter>
    </ClCompile>
    <ClCompile Include="..\..\render_gl.c">
      <Filter>Source Files\renderer</Filter>
    </ClCompile>
    <ClCompile Include="..\..\render_null.c">
      <Filter>Source Files\renderer</Filter>
    </ClCompile>
    <ClCompile Include="..\..\render_sw.c">
      <Filter>Source Files\renderer</Filter>
    </ClCompile>
    <ClCompile Include="..\..\render_sw8.c">
      <Filter>Source Files\renderer</Filter>
    </ClCompile>
    <ClCompile Include="..\..\gui.c">
      <Filter>Source Files\gui</Filter>
    </ClCompile>
    <ClCompile Include="..\..\gui_beos.cpp">
      <Filter>Source Files\gui</Filter>
    </ClCompile>
    <ClCompile Include="..\..\gui_win.c">
      <Filter>Source Files\gui</Filter>
    </ClCompile>
    <ClCompile Include="..\..\gui_x11.c">
      <Filter>Source Files\gui</Filter>
    </ClCompile>
    <ClCompile Include="..\..\6551_modem.c">
      <Filter>Source Files\acia</Filter>
    </ClCompile>
    <ClCompile Include="..\..\6551_com.c">
      <Filter>Source Files\acia</Filter>
    </ClCompile>
    <ClCompile Include="..\..\6551_loopback.c">
      <Filter>Source Files\acia</Filter>
    </ClCompile>
    <ClCompile Include="..\..\6551.c">
      <Filter>Source Files\acia</Filter>
    </ClCompile>
  </ItemGroup>
  <ItemGroup>
    <ClInclude Include="..\..\6502.h">
      <Filter>Header Files</Filter>
    </ClInclude>
    <ClInclude Include="..\..\8912.h">
      <Filter>Header Files</Filter>
    </ClInclude>
    <ClInclude Include="..\..\avi.h">
      <Filter>Header Files</Filter>
    </ClInclude>
    <ClInclude Include="..\..\disk.h">
      <Filter>Header Files</Filter>
    </ClInclude>
    <ClInclude Include="..\..\disk_pravetz.h">
      <Filter>Header Files</Filter>
    </ClInclude>
    <ClInclude Include="..\..\joystick.h">
      <Filter>Header Files</Filter>
    </ClInclude>
    <ClInclude Include="..\..\keyboard.h">
      <Filter>Header Files</Filter>
    </ClInclude>
    <ClInclude Include="..\..\machine.h">
      <Filter>Header Files</Filter>
    </ClInclude>
    <ClInclude Include="..\..\main.h">
      <Filter>Header Files</Filter>
    </ClInclude>
    <ClInclude Include="..\..\monitor.h">
      <Filter>Header Files</Filter>
    </ClInclude>
    <ClInclude Include="..\..\plugins\ch376\ch376.h">
      <Filter>Header Files</Filter>
    </ClInclude>
    <ClInclude Include="..\..\plugins\ch376\oric_ch376_plugin.h">
      <Filter>Header Files</Filter>
    </ClInclude>
    <ClInclude Include="..\..\snapshot.h">
      <Filter>Header Files</Filter>
    </ClInclude>
    <ClInclude Include="..\..\system.h">
      <Filter>Header Files</Filter>
    </ClInclude>
    <ClInclude Include="..\..\system_sdl.h">
      <Filter>Header Files</Filter>
    </ClInclude>
    <ClInclude Include="..\..\tape.h">
      <Filter>Header Files</Filter>
    </ClInclude>
    <ClInclude Include="..\..\ula.h">
      <Filter>Header Files</Filter>
    </ClInclude>
    <ClInclude Include="..\..\via.h">
      <Filter>Header Files</Filter>
    </ClInclude>
    <ClInclude Include="..\..\render_gl.h">
      <Filter>Header Files\renderer</Filter>
    </ClInclude>
    <ClInclude Include="..\..\render_null.h">
      <Filter>Header Files\renderer</Filter>
    </ClInclude>
    <ClInclude Include="..\..\render_sw.h">
      <Filter>Header Files\renderer</Filter>
    </ClInclude>
    <ClInclude Include="..\..\render_sw8.h">
      <Filter>Header Files\renderer</Filter>
    </ClInclude>
    <ClInclude Include="..\..\filereq.h">
      <Filter>Header Files\filereq</Filter>
    </ClInclude>
    <ClInclude Include="..\..\gui.h">
      <Filter>Header Files\gui</Filter>
    </ClInclude>
    <ClInclude Include="..\..\msgbox.h">
      <Filter>Header Files\msgbox</Filter>
    </ClInclude>
    <ClInclude Include="..\unistd.h">
      <Filter>Header Files\msvc</Filter>
    </ClInclude>
    <ClInclude Include="..\strcasecmp.h">
      <Filter>Header Files\msvc</Filter>
    </ClInclude>
    <ClInclude Include="..\..\6551.h">
      <Filter>Header Files\acia</Filter>
    </ClInclude>
  </ItemGroup>
  <ItemGroup>
    <None Include="make_links.cmd">
      <Filter>Source Files\msvc</Filter>
    </None>
    <None Include="readme.md">
      <Filter>Source Files\msvc</Filter>
    </None>
    <None Include="..\..\Makefile" />
    <None Include="..\..\filereq_osx.m">
      <Filter>Source Files\filereq</Filter>
    </None>
    <None Include="..\..\msgbox_osx.m">
      <Filter>Source Files\msgbox</Filter>
    </None>
    <None Include="..\..\gui_osx.m">
      <Filter>Source Files\gui</Filter>
    </None>
  </ItemGroup>
  <ItemGroup>
    <Image Include="..\..\winicon.ico">
      <Filter>Resource Files</Filter>
    </Image>
  </ItemGroup>
  <ItemGroup>
    <ResourceCompile Include="..\..\oricutron.rc">
      <Filter>Resource Files</Filter>
    </ResourceCompile>
  </ItemGroup>
</Project>